
Microsoft Visual Studio Solution File, Format Version 12.00
# Visual Studio Version 17
VisualStudioVersion = 17.5.002.0
MinimumVisualStudioVersion = 10.0.40219.1
Project("{9A19103F-16F7-4668-BE54-9A1E7A4F7556}") = "ex006", "ex006.csproj", "{F46EF7A5-F2C8-48C8-A645-AF2EC35D9F51}"
EndProject
Global
	GlobalSection(SolutionConfigurationPlatforms) = preSolution
		Debug|Any CPU = Debug|Any CPU
		Release|Any CPU = Release|Any CPU
	EndGlobalSection
	GlobalSection(ProjectConfigurationPlatforms) = postSolution
		{F46EF7A5-F2C8-48C8-A645-AF2EC35D9F51}.Debug|Any CPU.ActiveCfg = Debug|Any CPU
		{F46EF7A5-F2C8-48C8-A645-AF2EC35D9F51}.Debug|Any CPU.Build.0 = Debug|Any CPU
		{F46EF7A5-F2C8-48C8-A645-AF2EC35D9F51}.Release|Any CPU.ActiveCfg = Release|Any CPU
		{F46EF7A5-F2C8-48C8-A645-AF2EC35D9F51}.Release|Any CPU.Build.0 = Release|Any CPU
	EndGlobalSection
	GlobalSection(SolutionProperties) = preSolution
		HideSolutionNode = FALSE
	EndGlobalSection
	GlobalSection(ExtensibilityGlobals) = postSolution
		SolutionGuid = {FD06A1EC-9965-4079-A939-627D7E122474}
	EndGlobalSection
EndGlobal
