
Microsoft Visual Studio Solution File, Format Version 12.00
# Visual Studio Version 17
VisualStudioVersion = 17.12.35527.113 d17.12
MinimumVisualStudioVersion = 10.0.40219.1
Project("{FAE04EC0-301F-11D3-BF4B-00C04F79EFBC}") = "ex020", "ex020\ex020.csproj", "{290F1180-0F5A-4AE5-9CD1-75E0196BF22E}"
EndProject
Global
	GlobalSection(SolutionConfigurationPlatforms) = preSolution
		Debug|Any CPU = Debug|Any CPU
		Release|Any CPU = Release|Any CPU
	EndGlobalSection
	GlobalSection(ProjectConfigurationPlatforms) = postSolution
		{290F1180-0F5A-4AE5-9CD1-75E0196BF22E}.Debug|Any CPU.ActiveCfg = Debug|Any CPU
		{290F1180-0F5A-4AE5-9CD1-75E0196BF22E}.Debug|Any CPU.Build.0 = Debug|Any CPU
		{290F1180-0F5A-4AE5-9CD1-75E0196BF22E}.Release|Any CPU.ActiveCfg = Release|Any CPU
		{290F1180-0F5A-4AE5-9CD1-75E0196BF22E}.Release|Any CPU.Build.0 = Release|Any CPU
	EndGlobalSection
	GlobalSection(SolutionProperties) = preSolution
		HideSolutionNode = FALSE
	EndGlobalSection
EndGlobal
