
Microsoft Visual Studio Solution File, Format Version 12.00
# Visual Studio Version 17
VisualStudioVersion = 17.5.002.0
MinimumVisualStudioVersion = 10.0.40219.1
Project("{9A19103F-16F7-4668-BE54-9A1E7A4F7556}") = "hyphotenuse calculator", "hyphotenuse calculator.csproj", "{31386488-372F-4D24-A58F-966011516C2A}"
EndProject
Global
	GlobalSection(SolutionConfigurationPlatforms) = preSolution
		Debug|Any CPU = Debug|Any CPU
		Release|Any CPU = Release|Any CPU
	EndGlobalSection
	GlobalSection(ProjectConfigurationPlatforms) = postSolution
		{31386488-372F-4D24-A58F-966011516C2A}.Debug|Any CPU.ActiveCfg = Debug|Any CPU
		{31386488-372F-4D24-A58F-966011516C2A}.Debug|Any CPU.Build.0 = Debug|Any CPU
		{31386488-372F-4D24-A58F-966011516C2A}.Release|Any CPU.ActiveCfg = Release|Any CPU
		{31386488-372F-4D24-A58F-966011516C2A}.Release|Any CPU.Build.0 = Release|Any CPU
	EndGlobalSection
	GlobalSection(SolutionProperties) = preSolution
		HideSolutionNode = FALSE
	EndGlobalSection
	GlobalSection(ExtensibilityGlobals) = postSolution
		SolutionGuid = {F84EDA72-D96C-4931-8084-47FAD5D29439}
	EndGlobalSection
EndGlobal
